
Microsoft Visual Studio Solution File, Format Version 12.00
# Visual Studio Version 17
VisualStudioVersion = 17.2.32505.173
MinimumVisualStudioVersion = 10.0.40219.1
Project("{F184B08F-C81C-45F6-A57F-5ABD9991F28F}") = "Seventask", "Seventask\Seventask.vbproj", "{23B3FB78-7D0F-45B8-A02B-7A04D52C631D}"
EndProject
Global
	GlobalSection(SolutionConfigurationPlatforms) = preSolution
		Debug|Any CPU = Debug|Any CPU
		Release|Any CPU = Release|Any CPU
	EndGlobalSection
	GlobalSection(ProjectConfigurationPlatforms) = postSolution
		{23B3FB78-7D0F-45B8-A02B-7A04D52C631D}.Debug|Any CPU.ActiveCfg = Debug|Any CPU
		{23B3FB78-7D0F-45B8-A02B-7A04D52C631D}.Debug|Any CPU.Build.0 = Debug|Any CPU
		{23B3FB78-7D0F-45B8-A02B-7A04D52C631D}.Release|Any CPU.ActiveCfg = Release|Any CPU
		{23B3FB78-7D0F-45B8-A02B-7A04D52C631D}.Release|Any CPU.Build.0 = Release|Any CPU
	EndGlobalSection
	GlobalSection(SolutionProperties) = preSolution
		HideSolutionNode = FALSE
	EndGlobalSection
	GlobalSection(ExtensibilityGlobals) = postSolution
		SolutionGuid = {4ADF5476-F6E5-41D5-B17D-F2A900AF2D88}
	EndGlobalSection
EndGlobal
